
Microsoft Visual Studio Solution File, Format Version 12.00
# Visual Studio Version 16
VisualStudioVersion = 16.0.30406.217
MinimumVisualStudioVersion = 10.0.40219.1
Project("{FAE04EC0-301F-11D3-BF4B-00C04F79EFBC}") = "FindFiles", "FindFiles\FindFiles.csproj", "{7E8F0505-9A2E-47ED-91BE-89449FCE450A}"
EndProject
Project("{FAE04EC0-301F-11D3-BF4B-00C04F79EFBC}") = "ExcludeMaskTest", "ExcludeMaskTest\ExcludeMaskTest.csproj", "{DDBB7DDD-A28D-4C88-A4C7-53040D64D69F}"
EndProject
Global
	GlobalSection(SolutionConfigurationPlatforms) = preSolution
		Debug|Any CPU = Debug|Any CPU
		Release|Any CPU = Release|Any CPU
	EndGlobalSection
	GlobalSection(ProjectConfigurationPlatforms) = postSolution
		{7E8F0505-9A2E-47ED-91BE-89449FCE450A}.Debug|Any CPU.ActiveCfg = Debug|Any CPU
		{7E8F0505-9A2E-47ED-91BE-89449FCE450A}.Debug|Any CPU.Build.0 = Debug|Any CPU
		{7E8F0505-9A2E-47ED-91BE-89449FCE450A}.Release|Any CPU.ActiveCfg = Release|Any CPU
		{7E8F0505-9A2E-47ED-91BE-89449FCE450A}.Release|Any CPU.Build.0 = Release|Any CPU
		{DDBB7DDD-A28D-4C88-A4C7-53040D64D69F}.Debug|Any CPU.ActiveCfg = Debug|Any CPU
		{DDBB7DDD-A28D-4C88-A4C7-53040D64D69F}.Debug|Any CPU.Build.0 = Debug|Any CPU
		{DDBB7DDD-A28D-4C88-A4C7-53040D64D69F}.Release|Any CPU.ActiveCfg = Release|Any CPU
		{DDBB7DDD-A28D-4C88-A4C7-53040D64D69F}.Release|Any CPU.Build.0 = Release|Any CPU
	EndGlobalSection
	GlobalSection(SolutionProperties) = preSolution
		HideSolutionNode = FALSE
	EndGlobalSection
	GlobalSection(ExtensibilityGlobals) = postSolution
		SolutionGuid = {1F8885CE-1BE4-4300-A779-41FD4EF3E7DF}
	EndGlobalSection
EndGlobal
